
Microsoft Visual Studio Solution File, Format Version 12.00
# Visual Studio 15
VisualStudioVersion = 15.0.27004.2010
MinimumVisualStudioVersion = 10.0.40219.1
Project("{FAE04EC0-301F-11D3-BF4B-00C04F79EFBC}") = "web-crawler", "web-crawler\web-crawler.csproj", "{EC17D1B0-E35A-4CCF-9B69-E3B8F5330CD7}"
EndProject
Global
	GlobalSection(SolutionConfigurationPlatforms) = preSolution
		Debug|Any CPU = Debug|Any CPU
		Release|Any CPU = Release|Any CPU
	EndGlobalSection
	GlobalSection(ProjectConfigurationPlatforms) = postSolution
		{EC17D1B0-E35A-4CCF-9B69-E3B8F5330CD7}.Debug|Any CPU.ActiveCfg = Debug|Any CPU
		{EC17D1B0-E35A-4CCF-9B69-E3B8F5330CD7}.Debug|Any CPU.Build.0 = Debug|Any CPU
		{EC17D1B0-E35A-4CCF-9B69-E3B8F5330CD7}.Release|Any CPU.ActiveCfg = Release|Any CPU
		{EC17D1B0-E35A-4CCF-9B69-E3B8F5330CD7}.Release|Any CPU.Build.0 = Release|Any CPU
	EndGlobalSection
	GlobalSection(SolutionProperties) = preSolution
		HideSolutionNode = FALSE
	EndGlobalSection
	GlobalSection(ExtensibilityGlobals) = postSolution
		SolutionGuid = {D36E9E58-970D-4CAE-8317-FE57F70B155E}
	EndGlobalSection
EndGlobal
